// !$*UTF8*$!
{
	archiveVersion = 1;
	classes = {
	};
	objectVersion = 56;
	objects = {

/* Begin PBXBuildFile section */
		AB0CD7CF2A33429500BE97C9 /* landmarkData.json in Resources */ = {isa = PBXBuildFile; fileRef = AB0CD7CE2A33429500BE97C9 /* landmarkData.json */; };
		AB0CD7D12A3342CA00BE97C9 /* Landmark.swift in Sources */ = {isa = PBXBuildFile; fileRef = AB0CD7D02A3342CA00BE97C9 /* Landmark.swift */; };
		AB0CD7D32A3344BE00BE97C9 /* ModelData.swift in Sources */ = {isa = PBXBuildFile; fileRef = AB0CD7D22A3344BE00BE97C9 /* ModelData.swift */; };
		AB0CD7D82A33463900BE97C9 /* LandmarkRow.swift in Sources */ = {isa = PBXBuildFile; fileRef = AB0CD7D72A33463900BE97C9 /* LandmarkRow.swift */; };
		AB0CD7DA2A33494100BE97C9 /* LandmarkList.swift in Sources */ = {isa = PBXBuildFile; fileRef = AB0CD7D92A33494100BE97C9 /* LandmarkList.swift */; };
		AB0CD7DC2A334C7500BE97C9 /* LandmarkDetail.swift in Sources */ = {isa = PBXBuildFile; fileRef = AB0CD7DB2A334C7500BE97C9 /* LandmarkDetail.swift */; };
		AB0CD7DE2A33B15100BE97C9 /* FavoriteButton.swift in Sources */ = {isa = PBXBuildFile; fileRef = AB0CD7DD2A33B15100BE97C9 /* FavoriteButton.swift */; };
		AB0CD7EB2A35E90200BE97C9 /* RotatedBadgeSymbol.swift in Sources */ = {isa = PBXBuildFile; fileRef = AB0CD7E62A35E90200BE97C9 /* RotatedBadgeSymbol.swift */; };
		AB0CD7EC2A35E90200BE97C9 /* HexagonParameters.swift in Sources */ = {isa = PBXBuildFile; fileRef = AB0CD7E72A35E90200BE97C9 /* HexagonParameters.swift */; };
		AB0CD7ED2A35E90200BE97C9 /* BadgeSymbol.swift in Sources */ = {isa = PBXBuildFile; fileRef = AB0CD7E82A35E90200BE97C9 /* BadgeSymbol.swift */; };
		AB0CD7EE2A35E90200BE97C9 /* BadgeBackground.swift in Sources */ = {isa = PBXBuildFile; fileRef = AB0CD7E92A35E90200BE97C9 /* BadgeBackground.swift */; };
		AB0CD7EF2A35E90200BE97C9 /* Badge.swift in Sources */ = {isa = PBXBuildFile; fileRef = AB0CD7EA2A35E90200BE97C9 /* Badge.swift */; };
		AB0CD7F12A35E96300BE97C9 /* Hike.swift in Sources */ = {isa = PBXBuildFile; fileRef = AB0CD7F02A35E96300BE97C9 /* Hike.swift */; };
		AB0CD7F72A35E97600BE97C9 /* GraphCapsule.swift in Sources */ = {isa = PBXBuildFile; fileRef = AB0CD7F32A35E97600BE97C9 /* GraphCapsule.swift */; };
		AB0CD7F82A35E97600BE97C9 /* HikeGraph.swift in Sources */ = {isa = PBXBuildFile; fileRef = AB0CD7F42A35E97600BE97C9 /* HikeGraph.swift */; };
		AB0CD7F92A35E97600BE97C9 /* HikeDetail.swift in Sources */ = {isa = PBXBuildFile; fileRef = AB0CD7F52A35E97600BE97C9 /* HikeDetail.swift */; };
		AB0CD7FA2A35E97600BE97C9 /* HikeView.swift in Sources */ = {isa = PBXBuildFile; fileRef = AB0CD7F62A35E97600BE97C9 /* HikeView.swift */; };
		AB0CD7FC2A35EA1000BE97C9 /* hikeData.json in Resources */ = {isa = PBXBuildFile; fileRef = AB0CD7FB2A35EA1000BE97C9 /* hikeData.json */; };
		AB0CD7FF2A35F48400BE97C9 /* CategoryHome.swift in Sources */ = {isa = PBXBuildFile; fileRef = AB0CD7FE2A35F48400BE97C9 /* CategoryHome.swift */; };
		AB0CD8012A35F74500BE97C9 /* CategoryRow.swift in Sources */ = {isa = PBXBuildFile; fileRef = AB0CD8002A35F74500BE97C9 /* CategoryRow.swift */; };
		AB0CD8032A35F95C00BE97C9 /* CategoryItem.swift in Sources */ = {isa = PBXBuildFile; fileRef = AB0CD8022A35F95C00BE97C9 /* CategoryItem.swift */; };
		AB7A134C2A321FC500DFFA7B /* LandmarksApp.swift in Sources */ = {isa = PBXBuildFile; fileRef = AB7A134B2A321FC500DFFA7B /* LandmarksApp.swift */; };
		AB7A134E2A321FC500DFFA7B /* ContentView.swift in Sources */ = {isa = PBXBuildFile; fileRef = AB7A134D2A321FC500DFFA7B /* ContentView.swift */; };
		AB7A13502A321FC600DFFA7B /* Assets.xcassets in Resources */ = {isa = PBXBuildFile; fileRef = AB7A134F2A321FC600DFFA7B /* Assets.xcassets */; };
		AB7A13532A321FC600DFFA7B /* Preview Assets.xcassets in Resources */ = {isa = PBXBuildFile; fileRef = AB7A13522A321FC600DFFA7B /* Preview Assets.xcassets */; };
		AB7A135D2A321FC600DFFA7B /* LandmarksTests.swift in Sources */ = {isa = PBXBuildFile; fileRef = AB7A135C2A321FC600DFFA7B /* LandmarksTests.swift */; };
		AB7A13672A321FC600DFFA7B /* LandmarksUITests.swift in Sources */ = {isa = PBXBuildFile; fileRef = AB7A13662A321FC600DFFA7B /* LandmarksUITests.swift */; };
		AB7A13692A321FC600DFFA7B /* LandmarksUITestsLaunchTests.swift in Sources */ = {isa = PBXBuildFile; fileRef = AB7A13682A321FC600DFFA7B /* LandmarksUITestsLaunchTests.swift */; };
		AB7A13762A33120200DFFA7B /* CircleImage.swift in Sources */ = {isa = PBXBuildFile; fileRef = AB7A13752A33120200DFFA7B /* CircleImage.swift */; };
		AB7A13782A333AB700DFFA7B /* MapView.swift in Sources */ = {isa = PBXBuildFile; fileRef = AB7A13772A333AB700DFFA7B /* MapView.swift */; };
/* End PBXBuildFile section */

/* Begin PBXContainerItemProxy section */
		AB7A13592A321FC600DFFA7B /* PBXContainerItemProxy */ = {
			isa = PBXContainerItemProxy;
			containerPortal = AB7A13402A321FC500DFFA7B /* Project object */;
			proxyType = 1;
			remoteGlobalIDString = AB7A13472A321FC500DFFA7B;
			remoteInfo = Landmarks;
		};
		AB7A13632A321FC600DFFA7B /* PBXContainerItemProxy */ = {
			isa = PBXContainerItemProxy;
			containerPortal = AB7A13402A321FC500DFFA7B /* Project object */;
			proxyType = 1;
			remoteGlobalIDString = AB7A13472A321FC500DFFA7B;
			remoteInfo = Landmarks;
		};
/* End PBXContainerItemProxy section */

/* Begin PBXFileReference section */
		AB0CD7CE2A33429500BE97C9 /* landmarkData.json */ = {isa = PBXFileReference; fileEncoding = 4; lastKnownFileType = text.json; path = landmarkData.json; sourceTree = "<group>"; };
		AB0CD7D02A3342CA00BE97C9 /* Landmark.swift */ = {isa = PBXFileReference; lastKnownFileType = sourcecode.swift; path = Landmark.swift; sourceTree = "<group>"; };
		AB0CD7D22A3344BE00BE97C9 /* ModelData.swift */ = {isa = PBXFileReference; lastKnownFileType = sourcecode.swift; path = ModelData.swift; sourceTree = "<group>"; };
		AB0CD7D72A33463900BE97C9 /* LandmarkRow.swift */ = {isa = PBXFileReference; lastKnownFileType = sourcecode.swift; path = LandmarkRow.swift; sourceTree = "<group>"; };
		AB0CD7D92A33494100BE97C9 /* LandmarkList.swift */ = {isa = PBXFileReference; lastKnownFileType = sourcecode.swift; path = LandmarkList.swift; sourceTree = "<group>"; };
		AB0CD7DB2A334C7500BE97C9 /* LandmarkDetail.swift */ = {isa = PBXFileReference; lastKnownFileType = sourcecode.swift; path = LandmarkDetail.swift; sourceTree = "<group>"; };
		AB0CD7DD2A33B15100BE97C9 /* FavoriteButton.swift */ = {isa = PBXFileReference; lastKnownFileType = sourcecode.swift; path = FavoriteButton.swift; sourceTree = "<group>"; };
		AB0CD7E62A35E90200BE97C9 /* RotatedBadgeSymbol.swift */ = {isa = PBXFileReference; fileEncoding = 4; lastKnownFileType = sourcecode.swift; path = RotatedBadgeSymbol.swift; sourceTree = "<group>"; };
		AB0CD7E72A35E90200BE97C9 /* HexagonParameters.swift */ = {isa = PBXFileReference; fileEncoding = 4; lastKnownFileType = sourcecode.swift; path = HexagonParameters.swift; sourceTree = "<group>"; };
		AB0CD7E82A35E90200BE97C9 /* BadgeSymbol.swift */ = {isa = PBXFileReference; fileEncoding = 4; lastKnownFileType = sourcecode.swift; path = BadgeSymbol.swift; sourceTree = "<group>"; };
		AB0CD7E92A35E90200BE97C9 /* BadgeBackground.swift */ = {isa = PBXFileReference; fileEncoding = 4; lastKnownFileType = sourcecode.swift; path = BadgeBackground.swift; sourceTree = "<group>"; };
		AB0CD7EA2A35E90200BE97C9 /* Badge.swift */ = {isa = PBXFileReference; fileEncoding = 4; lastKnownFileType = sourcecode.swift; path = Badge.swift; sourceTree = "<group>"; };
		AB0CD7F02A35E96300BE97C9 /* Hike.swift */ = {isa = PBXFileReference; fileEncoding = 4; lastKnownFileType = sourcecode.swift; path = Hike.swift; sourceTree = "<group>"; };
		AB0CD7F32A35E97600BE97C9 /* GraphCapsule.swift */ = {isa = PBXFileReference; fileEncoding = 4; lastKnownFileType = sourcecode.swift; path = GraphCapsule.swift; sourceTree = "<group>"; };
		AB0CD7F42A35E97600BE97C9 /* HikeGraph.swift */ = {isa = PBXFileReference; fileEncoding = 4; lastKnownFileType = sourcecode.swift; path = HikeGraph.swift; sourceTree = "<group>"; };
		AB0CD7F52A35E97600BE97C9 /* HikeDetail.swift */ = {isa = PBXFileReference; fileEncoding = 4; lastKnownFileType = sourcecode.swift; path = HikeDetail.swift; sourceTree = "<group>"; };
		AB0CD7F62A35E97600BE97C9 /* HikeView.swift */ = {isa = PBXFileReference; fileEncoding = 4; lastKnownFileType = sourcecode.swift; path = HikeView.swift; sourceTree = "<group>"; };
		AB0CD7FB2A35EA1000BE97C9 /* hikeData.json */ = {isa = PBXFileReference; fileEncoding = 4; lastKnownFileType = text.json; path = hikeData.json; sourceTree = "<group>"; };
		AB0CD7FE2A35F48400BE97C9 /* CategoryHome.swift */ = {isa = PBXFileReference; lastKnownFileType = sourcecode.swift; path = CategoryHome.swift; sourceTree = "<group>"; };
		AB0CD8002A35F74500BE97C9 /* CategoryRow.swift */ = {isa = PBXFileReference; lastKnownFileType = sourcecode.swift; path = CategoryRow.swift; sourceTree = "<group>"; };
		AB0CD8022A35F95C00BE97C9 /* CategoryItem.swift */ = {isa = PBXFileReference; lastKnownFileType = sourcecode.swift; path = CategoryItem.swift; sourceTree = "<group>"; };
		AB7A13482A321FC500DFFA7B /* Landmarks.app */ = {isa = PBXFileReference; explicitFileType = wrapper.application; includeInIndex = 0; path = Landmarks.app; sourceTree = BUILT_PRODUCTS_DIR; };
		AB7A134B2A321FC500DFFA7B /* LandmarksApp.swift */ = {isa = PBXFileReference; lastKnownFileType = sourcecode.swift; path = LandmarksApp.swift; sourceTree = "<group>"; };
		AB7A134D2A321FC500DFFA7B /* ContentView.swift */ = {isa = PBXFileReference; lastKnownFileType = sourcecode.swift; path = ContentView.swift; sourceTree = "<group>"; };
		AB7A134F2A321FC600DFFA7B /* Assets.xcassets */ = {isa = PBXFileReference; lastKnownFileType = folder.assetcatalog; path = Assets.xcassets; sourceTree = "<group>"; };
		AB7A13522A321FC600DFFA7B /* Preview Assets.xcassets */ = {isa = PBXFileReference; lastKnownFileType = folder.assetcatalog; path = "Preview Assets.xcassets"; sourceTree = "<group>"; };
		AB7A13582A321FC600DFFA7B /* LandmarksTests.xctest */ = {isa = PBXFileReference; explicitFileType = wrapper.cfbundle; includeInIndex = 0; path = LandmarksTests.xctest; sourceTree = BUILT_PRODUCTS_DIR; };
		AB7A135C2A321FC600DFFA7B /* LandmarksTests.swift */ = {isa = PBXFileReference; lastKnownFileType = sourcecode.swift; path = LandmarksTests.swift; sourceTree = "<group>"; };
		AB7A13622A321FC600DFFA7B /* LandmarksUITests.xctest */ = {isa = PBXFileReference; explicitFileType = wrapper.cfbundle; includeInIndex = 0; path = LandmarksUITests.xctest; sourceTree = BUILT_PRODUCTS_DIR; };
		AB7A13662A321FC600DFFA7B /* LandmarksUITests.swift */ = {isa = PBXFileReference; lastKnownFileType = sourcecode.swift; path = LandmarksUITests.swift; sourceTree = "<group>"; };
		AB7A13682A321FC600DFFA7B /* LandmarksUITestsLaunchTests.swift */ = {isa = PBXFileReference; lastKnownFileType = sourcecode.swift; path = LandmarksUITestsLaunchTests.swift; sourceTree = "<group>"; };
		AB7A13752A33120200DFFA7B /* CircleImage.swift */ = {isa = PBXFileReference; lastKnownFileType = sourcecode.swift; path = CircleImage.swift; sourceTree = "<group>"; };
		AB7A13772A333AB700DFFA7B /* MapView.swift */ = {isa = PBXFileReference; lastKnownFileType = sourcecode.swift; path = MapView.swift; sourceTree = "<group>"; };
/* End PBXFileReference section */

/* Begin PBXFrameworksBuildPhase section */
		AB7A13452A321FC500DFFA7B /* Frameworks */ = {
			isa = PBXFrameworksBuildPhase;
			buildActionMask = 2147483647;
			files = (
			);
			runOnlyForDeploymentPostprocessing = 0;
		};
		AB7A13552A321FC600DFFA7B /* Frameworks */ = {
			isa = PBXFrameworksBuildPhase;
			buildActionMask = 2147483647;
			files = (
			);
			runOnlyForDeploymentPostprocessing = 0;
		};
		AB7A135F2A321FC600DFFA7B /* Frameworks */ = {
			isa = PBXFrameworksBuildPhase;
			buildActionMask = 2147483647;
			files = (
			);
			runOnlyForDeploymentPostprocessing = 0;
		};
/* End PBXFrameworksBuildPhase section */

/* Begin PBXGroup section */
		AB0CD7D42A33453600BE97C9 /* Model */ = {
			isa = PBXGroup;
			children = (
				AB0CD7F02A35E96300BE97C9 /* Hike.swift */,
				AB0CD7D22A3344BE00BE97C9 /* ModelData.swift */,
				AB0CD7D02A3342CA00BE97C9 /* Landmark.swift */,
			);
			path = Model;
			sourceTree = "<group>";
		};
		AB0CD7D52A33454900BE97C9 /* View */ = {
			isa = PBXGroup;
			children = (
				AB0CD7FD2A35F44900BE97C9 /* Categories */,
				AB0CD7F22A35E97600BE97C9 /* Hikes */,
				AB0CD7E52A35E90200BE97C9 /* Badges */,
				AB0CD7E02A34592200BE97C9 /* Helpers */,
				AB0CD7DF2A34590700BE97C9 /* Landmark */,
			);
			path = View;
			sourceTree = "<group>";
		};
		AB0CD7D62A33456700BE97C9 /* Resources */ = {
			isa = PBXGroup;
			children = (
				AB0CD7FB2A35EA1000BE97C9 /* hikeData.json */,
				AB0CD7CE2A33429500BE97C9 /* landmarkData.json */,
			);
			path = Resources;
			sourceTree = "<group>";
		};
		AB0CD7DF2A34590700BE97C9 /* Landmark */ = {
			isa = PBXGroup;
			children = (
				AB0CD7D72A33463900BE97C9 /* LandmarkRow.swift */,
				AB0CD7D92A33494100BE97C9 /* LandmarkList.swift */,
				AB0CD7DB2A334C7500BE97C9 /* LandmarkDetail.swift */,
			);
			path = Landmark;
			sourceTree = "<group>";
		};
		AB0CD7E02A34592200BE97C9 /* Helpers */ = {
			isa = PBXGroup;
			children = (
				AB7A13772A333AB700DFFA7B /* MapView.swift */,
				AB7A134D2A321FC500DFFA7B /* ContentView.swift */,
				AB7A13752A33120200DFFA7B /* CircleImage.swift */,
				AB0CD7DD2A33B15100BE97C9 /* FavoriteButton.swift */,
			);
			path = Helpers;
			sourceTree = "<group>";
		};
		AB0CD7E52A35E90200BE97C9 /* Badges */ = {
			isa = PBXGroup;
			children = (
				AB0CD7E62A35E90200BE97C9 /* RotatedBadgeSymbol.swift */,
				AB0CD7E72A35E90200BE97C9 /* HexagonParameters.swift */,
				AB0CD7E82A35E90200BE97C9 /* BadgeSymbol.swift */,
				AB0CD7E92A35E90200BE97C9 /* BadgeBackground.swift */,
				AB0CD7EA2A35E90200BE97C9 /* Badge.swift */,
			);
			path = Badges;
			sourceTree = "<group>";
		};
		AB0CD7F22A35E97600BE97C9 /* Hikes */ = {
			isa = PBXGroup;
			children = (
				AB0CD7F32A35E97600BE97C9 /* GraphCapsule.swift */,
				AB0CD7F42A35E97600BE97C9 /* HikeGraph.swift */,
				AB0CD7F52A35E97600BE97C9 /* HikeDetail.swift */,
				AB0CD7F62A35E97600BE97C9 /* HikeView.swift */,
			);
			path = Hikes;
			sourceTree = "<group>";
		};
		AB0CD7FD2A35F44900BE97C9 /* Categories */ = {
			isa = PBXGroup;
			children = (
				AB0CD7FE2A35F48400BE97C9 /* CategoryHome.swift */,
				AB0CD8002A35F74500BE97C9 /* CategoryRow.swift */,
				AB0CD8022A35F95C00BE97C9 /* CategoryItem.swift */,
			);
			path = Categories;
			sourceTree = "<group>";
		};
		AB7A133F2A321FC500DFFA7B = {
			isa = PBXGroup;
			children = (
				AB7A134A2A321FC500DFFA7B /* Landmarks */,
				AB7A135B2A321FC600DFFA7B /* LandmarksTests */,
				AB7A13652A321FC600DFFA7B /* LandmarksUITests */,
				AB7A13492A321FC500DFFA7B /* Products */,
			);
			sourceTree = "<group>";
		};
		AB7A13492A321FC500DFFA7B /* Products */ = {
			isa = PBXGroup;
			children = (
				AB7A13482A321FC500DFFA7B /* Landmarks.app */,
				AB7A13582A321FC600DFFA7B /* LandmarksTests.xctest */,
				AB7A13622A321FC600DFFA7B /* LandmarksUITests.xctest */,
			);
			name = Products;
			sourceTree = "<group>";
		};
		AB7A134A2A321FC500DFFA7B /* Landmarks */ = {
			isa = PBXGroup;
			children = (
				AB0CD7D62A33456700BE97C9 /* Resources */,
				AB0CD7D52A33454900BE97C9 /* View */,
				AB0CD7D42A33453600BE97C9 /* Model */,
				AB7A134B2A321FC500DFFA7B /* LandmarksApp.swift */,
				AB7A134F2A321FC600DFFA7B /* Assets.xcassets */,
				AB7A13512A321FC600DFFA7B /* Preview Content */,
			);
			path = Landmarks;
			sourceTree = "<group>";
		};
		AB7A13512A321FC600DFFA7B /* Preview Content */ = {
			isa = PBXGroup;
			children = (
				AB7A13522A321FC600DFFA7B /* Preview Assets.xcassets */,
			);
			path = "Preview Content";
			sourceTree = "<group>";
		};
		AB7A135B2A321FC600DFFA7B /* LandmarksTests */ = {
			isa = PBXGroup;
			children = (
				AB7A135C2A321FC600DFFA7B /* LandmarksTests.swift */,
			);
			path = LandmarksTests;
			sourceTree = "<group>";
		};
		AB7A13652A321FC600DFFA7B /* LandmarksUITests */ = {
			isa = PBXGroup;
			children = (
				AB7A13662A321FC600DFFA7B /* LandmarksUITests.swift */,
				AB7A13682A321FC600DFFA7B /* LandmarksUITestsLaunchTests.swift */,
			);
			path = LandmarksUITests;
			sourceTree = "<group>";
		};
/* End PBXGroup section */

/* Begin PBXNativeTarget section */
		AB7A13472A321FC500DFFA7B /* Landmarks */ = {
			isa = PBXNativeTarget;
			buildConfigurationList = AB7A136C2A321FC600DFFA7B /* Build configuration list for PBXNativeTarget "Landmarks" */;
			buildPhases = (
				AB7A13442A321FC500DFFA7B /* Sources */,
				AB7A13452A321FC500DFFA7B /* Frameworks */,
				AB7A13462A321FC500DFFA7B /* Resources */,
			);
			buildRules = (
			);
			dependencies = (
			);
			name = Landmarks;
			productName = Landmarks;
			productReference = AB7A13482A321FC500DFFA7B /* Landmarks.app */;
			productType = "com.apple.product-type.application";
		};
		AB7A13572A321FC600DFFA7B /* LandmarksTests */ = {
			isa = PBXNativeTarget;
			buildConfigurationList = AB7A136F2A321FC600DFFA7B /* Build configuration list for PBXNativeTarget "LandmarksTests" */;
			buildPhases = (
				AB7A13542A321FC600DFFA7B /* Sources */,
				AB7A13552A321FC600DFFA7B /* Frameworks */,
				AB7A13562A321FC600DFFA7B /* Resources */,
			);
			buildRules = (
			);
			dependencies = (
				AB7A135A2A321FC600DFFA7B /* PBXTargetDependency */,
			);
			name = LandmarksTests;
			productName = LandmarksTests;
			productReference = AB7A13582A321FC600DFFA7B /* LandmarksTests.xctest */;
			productType = "com.apple.product-type.bundle.unit-test";
		};
		AB7A13612A321FC600DFFA7B /* LandmarksUITests */ = {
			isa = PBXNativeTarget;
			buildConfigurationList = AB7A13722A321FC600DFFA7B /* Build configuration list for PBXNativeTarget "LandmarksUITests" */;
			buildPhases = (
				AB7A135E2A321FC600DFFA7B /* Sources */,
				AB7A135F2A321FC600DFFA7B /* Frameworks */,
				AB7A13602A321FC600DFFA7B /* Resources */,
			);
			buildRules = (
			);
			dependencies = (
				AB7A13642A321FC600DFFA7B /* PBXTargetDependency */,
			);
			name = LandmarksUITests;
			productName = LandmarksUITests;
			productReference = AB7A13622A321FC600DFFA7B /* LandmarksUITests.xctest */;
			productType = "com.apple.product-type.bundle.ui-testing";
		};
/* End PBXNativeTarget section */

/* Begin PBXProject section */
		AB7A13402A321FC500DFFA7B /* Project object */ = {
			isa = PBXProject;
			attributes = {
				BuildIndependentTargetsInParallel = 1;
				LastSwiftUpdateCheck = 1420;
				LastUpgradeCheck = 1420;
				TargetAttributes = {
					AB7A13472A321FC500DFFA7B = {
						CreatedOnToolsVersion = 14.2;
					};
					AB7A13572A321FC600DFFA7B = {
						CreatedOnToolsVersion = 14.2;
						TestTargetID = AB7A13472A321FC500DFFA7B;
					};
					AB7A13612A321FC600DFFA7B = {
						CreatedOnToolsVersion = 14.2;
						TestTargetID = AB7A13472A321FC500DFFA7B;
					};
				};
			};
			buildConfigurationList = AB7A13432A321FC500DFFA7B /* Build configuration list for PBXProject "Landmarks" */;
			compatibilityVersion = "Xcode 14.0";
			developmentRegion = en;
			hasScannedForEncodings = 0;
			knownRegions = (
				en,
				Base,
			);
			mainGroup = AB7A133F2A321FC500DFFA7B;
			productRefGroup = AB7A13492A321FC500DFFA7B /* Products */;
			projectDirPath = "";
			projectRoot = "";
			targets = (
				AB7A13472A321FC500DFFA7B /* Landmarks */,
				AB7A13572A321FC600DFFA7B /* LandmarksTests */,
				AB7A13612A321FC600DFFA7B /* LandmarksUITests */,
			);
		};
/* End PBXProject section */

/* Begin PBXResourcesBuildPhase section */
		AB7A13462A321FC500DFFA7B /* Resources */ = {
			isa = PBXResourcesBuildPhase;
			buildActionMask = 2147483647;
			files = (
				AB0CD7FC2A35EA1000BE97C9 /* hikeData.json in Resources */,
				AB7A13532A321FC600DFFA7B /* Preview Assets.xcassets in Resources */,
				AB7A13502A321FC600DFFA7B /* Assets.xcassets in Resources */,
				AB0CD7CF2A33429500BE97C9 /* landmarkData.json in Resources */,
			);
			runOnlyForDeploymentPostprocessing = 0;
		};
		AB7A13562A321FC600DFFA7B /* Resources */ = {
			isa = PBXResourcesBuildPhase;
			buildActionMask = 2147483647;
			files = (
			);
			runOnlyForDeploymentPostprocessing = 0;
		};
		AB7A13602A321FC600DFFA7B /* Resources */ = {
			isa = PBXResourcesBuildPhase;
			buildActionMask = 2147483647;
			files = (
			);
			runOnlyForDeploymentPostprocessing = 0;
		};
/* End PBXResourcesBuildPhase section */

/* Begin PBXSourcesBuildPhase section */
		AB7A13442A321FC500DFFA7B /* Sources */ = {
			isa = PBXSourcesBuildPhase;
			buildActionMask = 2147483647;
			files = (
				AB0CD8012A35F74500BE97C9 /* CategoryRow.swift in Sources */,
				AB0CD7EC2A35E90200BE97C9 /* HexagonParameters.swift in Sources */,
				AB0CD7FF2A35F48400BE97C9 /* CategoryHome.swift in Sources */,
				AB0CD7F82A35E97600BE97C9 /* HikeGraph.swift in Sources */,
				AB0CD7EF2A35E90200BE97C9 /* Badge.swift in Sources */,
				AB7A134E2A321FC500DFFA7B /* ContentView.swift in Sources */,
				AB0CD7F72A35E97600BE97C9 /* GraphCapsule.swift in Sources */,
				AB7A13782A333AB700DFFA7B /* MapView.swift in Sources */,
				AB0CD7EB2A35E90200BE97C9 /* RotatedBadgeSymbol.swift in Sources */,
				AB0CD8032A35F95C00BE97C9 /* CategoryItem.swift in Sources */,
				AB0CD7F92A35E97600BE97C9 /* HikeDetail.swift in Sources */,
				AB7A134C2A321FC500DFFA7B /* LandmarksApp.swift in Sources */,
				AB0CD7F12A35E96300BE97C9 /* Hike.swift in Sources */,
				AB0CD7ED2A35E90200BE97C9 /* BadgeSymbol.swift in Sources */,
				AB0CD7DE2A33B15100BE97C9 /* FavoriteButton.swift in Sources */,
				AB0CD7DA2A33494100BE97C9 /* LandmarkList.swift in Sources */,
				AB0CD7FA2A35E97600BE97C9 /* HikeView.swift in Sources */,
				AB0CD7DC2A334C7500BE97C9 /* LandmarkDetail.swift in Sources */,
				AB0CD7EE2A35E90200BE97C9 /* BadgeBackground.swift in Sources */,
				AB7A13762A33120200DFFA7B /* CircleImage.swift in Sources */,
				AB0CD7D12A3342CA00BE97C9 /* Landmark.swift in Sources */,
				AB0CD7D82A33463900BE97C9 /* LandmarkRow.swift in Sources */,
				AB0CD7D32A3344BE00BE97C9 /* ModelData.swift in Sources */,
			);
			runOnlyForDeploymentPostprocessing = 0;
		};
		AB7A13542A321FC600DFFA7B /* Sources */ = {
			isa = PBXSourcesBuildPhase;
			buildActionMask = 2147483647;
			files = (
				AB7A135D2A321FC600DFFA7B /* LandmarksTests.swift in Sources */,
			);
			runOnlyForDeploymentPostprocessing = 0;
		};
		AB7A135E2A321FC600DFFA7B /* Sources */ = {
			isa = PBXSourcesBuildPhase;
			buildActionMask = 2147483647;
			files = (
				AB7A13692A321FC600DFFA7B /* LandmarksUITestsLaunchTests.swift in Sources */,
				AB7A13672A321FC600DFFA7B /* LandmarksUITests.swift in Sources */,
			);
			runOnlyForDeploymentPostprocessing = 0;
		};
/* End PBXSourcesBuildPhase section */

/* Begin PBXTargetDependency section */
		AB7A135A2A321FC600DFFA7B /* PBXTargetDependency */ = {
			isa = PBXTargetDependency;
			target = AB7A13472A321FC500DFFA7B /* Landmarks */;
			targetProxy = AB7A13592A321FC600DFFA7B /* PBXContainerItemProxy */;
		};
		AB7A13642A321FC600DFFA7B /* PBXTargetDependency */ = {
			isa = PBXTargetDependency;
			target = AB7A13472A321FC500DFFA7B /* Landmarks */;
			targetProxy = AB7A13632A321FC600DFFA7B /* PBXContainerItemProxy */;
		};
/* End PBXTargetDependency section */

/* Begin XCBuildConfiguration section */
		AB7A136A2A321FC600DFFA7B /* Debug */ = {
			isa = XCBuildConfiguration;
			buildSettings = {
				ALWAYS_SEARCH_USER_PATHS = NO;
				CLANG_ANALYZER_NONNULL = YES;
				CLANG_ANALYZER_NUMBER_OBJECT_CONVERSION = YES_AGGRESSIVE;
				CLANG_CXX_LANGUAGE_STANDARD = "gnu++20";
				CLANG_ENABLE_MODULES = YES;
				CLANG_ENABLE_OBJC_ARC = YES;
				CLANG_ENABLE_OBJC_WEAK = YES;
				CLANG_WARN_BLOCK_CAPTURE_AUTORELEASING = YES;
				CLANG_WARN_BOOL_CONVERSION = YES;
				CLANG_WARN_COMMA = YES;
				CLANG_WARN_CONSTANT_CONVERSION = YES;
				CLANG_WARN_DEPRECATED_OBJC_IMPLEMENTATIONS = YES;
				CLANG_WARN_DIRECT_OBJC_ISA_USAGE = YES_ERROR;
				CLANG_WARN_DOCUMENTATION_COMMENTS = YES;
				CLANG_WARN_EMPTY_BODY = YES;
				CLANG_WARN_ENUM_CONVERSION = YES;
				CLANG_WARN_INFINITE_RECURSION = YES;
				CLANG_WARN_INT_CONVERSION = YES;
				CLANG_WARN_NON_LITERAL_NULL_CONVERSION = YES;
				CLANG_WARN_OBJC_IMPLICIT_RETAIN_SELF = YES;
				CLANG_WARN_OBJC_LITERAL_CONVERSION = YES;
				CLANG_WARN_OBJC_ROOT_CLASS = YES_ERROR;
				CLANG_WARN_QUOTED_INCLUDE_IN_FRAMEWORK_HEADER = YES;
				CLANG_WARN_RANGE_LOOP_ANALYSIS = YES;
				CLANG_WARN_STRICT_PROTOTYPES = YES;
				CLANG_WARN_SUSPICIOUS_MOVE = YES;
				CLANG_WARN_UNGUARDED_AVAILABILITY = YES_AGGRESSIVE;
				CLANG_WARN_UNREACHABLE_CODE = YES;
				CLANG_WARN__DUPLICATE_METHOD_MATCH = YES;
				COPY_PHASE_STRIP = NO;
				DEBUG_INFORMATION_FORMAT = dwarf;
				ENABLE_STRICT_OBJC_MSGSEND = YES;
				ENABLE_TESTABILITY = YES;
				GCC_C_LANGUAGE_STANDARD = gnu11;
				GCC_DYNAMIC_NO_PIC = NO;
				GCC_NO_COMMON_BLOCKS = YES;
				GCC_OPTIMIZATION_LEVEL = 0;
				GCC_PREPROCESSOR_DEFINITIONS = (
					"DEBUG=1",
					"$(inherited)",
				);
				GCC_WARN_64_TO_32_BIT_CONVERSION = YES;
				GCC_WARN_ABOUT_RETURN_TYPE = YES_ERROR;
				GCC_WARN_UNDECLARED_SELECTOR = YES;
				GCC_WARN_UNINITIALIZED_AUTOS = YES_AGGRESSIVE;
				GCC_WARN_UNUSED_FUNCTION = YES;
				GCC_WARN_UNUSED_VARIABLE = YES;
				IPHONEOS_DEPLOYMENT_TARGET = 16.2;
				MTL_ENABLE_DEBUG_INFO = INCLUDE_SOURCE;
				MTL_FAST_MATH = YES;
				ONLY_ACTIVE_ARCH = YES;
				SDKROOT = iphoneos;
				SWIFT_ACTIVE_COMPILATION_CONDITIONS = DEBUG;
				SWIFT_OPTIMIZATION_LEVEL = "-Onone";
			};
			name = Debug;
		};
		AB7A136B2A321FC600DFFA7B /* Release */ = {
			isa = XCBuildConfiguration;
			buildSettings = {
				ALWAYS_SEARCH_USER_PATHS = NO;
				CLANG_ANALYZER_NONNULL = YES;
				CLANG_ANALYZER_NUMBER_OBJECT_CONVERSION = YES_AGGRESSIVE;
				CLANG_CXX_LANGUAGE_STANDARD = "gnu++20";
				CLANG_ENABLE_MODULES = YES;
				CLANG_ENABLE_OBJC_ARC = YES;
				CLANG_ENABLE_OBJC_WEAK = YES;
				CLANG_WARN_BLOCK_CAPTURE_AUTORELEASING = YES;
				CLANG_WARN_BOOL_CONVERSION = YES;
				CLANG_WARN_COMMA = YES;
				CLANG_WARN_CONSTANT_CONVERSION = YES;
				CLANG_WARN_DEPRECATED_OBJC_IMPLEMENTATIONS = YES;
				CLANG_WARN_DIRECT_OBJC_ISA_USAGE = YES_ERROR;
				CLANG_WARN_DOCUMENTATION_COMMENTS = YES;
				CLANG_WARN_EMPTY_BODY = YES;
				CLANG_WARN_ENUM_CONVERSION = YES;
				CLANG_WARN_INFINITE_RECURSION = YES;
				CLANG_WARN_INT_CONVERSION = YES;
				CLANG_WARN_NON_LITERAL_NULL_CONVERSION = YES;
				CLANG_WARN_OBJC_IMPLICIT_RETAIN_SELF = YES;
				CLANG_WARN_OBJC_LITERAL_CONVERSION = YES;
				CLANG_WARN_OBJC_ROOT_CLASS = YES_ERROR;
				CLANG_WARN_QUOTED_INCLUDE_IN_FRAMEWORK_HEADER = YES;
				CLANG_WARN_RANGE_LOOP_ANALYSIS = YES;
				CLANG_WARN_STRICT_PROTOTYPES = YES;
				CLANG_WARN_SUSPICIOUS_MOVE = YES;
				CLANG_WARN_UNGUARDED_AVAILABILITY = YES_AGGRESSIVE;
				CLANG_WARN_UNREACHABLE_CODE = YES;
				CLANG_WARN__DUPLICATE_METHOD_MATCH = YES;
				COPY_PHASE_STRIP = NO;
				DEBUG_INFORMATION_FORMAT = "dwarf-with-dsym";
				ENABLE_NS_ASSERTIONS = NO;
				ENABLE_STRICT_OBJC_MSGSEND = YES;
				GCC_C_LANGUAGE_STANDARD = gnu11;
				GCC_NO_COMMON_BLOCKS = YES;
				GCC_WARN_64_TO_32_BIT_CONVERSION = YES;
				GCC_WARN_ABOUT_RETURN_TYPE = YES_ERROR;
				GCC_WARN_UNDECLARED_SELECTOR = YES;
				GCC_WARN_UNINITIALIZED_AUTOS = YES_AGGRESSIVE;
				GCC_WARN_UNUSED_FUNCTION = YES;
				GCC_WARN_UNUSED_VARIABLE = YES;
				IPHONEOS_DEPLOYMENT_TARGET = 16.2;
				MTL_ENABLE_DEBUG_INFO = NO;
				MTL_FAST_MATH = YES;
				SDKROOT = iphoneos;
				SWIFT_COMPILATION_MODE = wholemodule;
				SWIFT_OPTIMIZATION_LEVEL = "-O";
				VALIDATE_PRODUCT = YES;
			};
			name = Release;
		};
		AB7A136D2A321FC600DFFA7B /* Debug */ = {
			isa = XCBuildConfiguration;
			buildSettings = {
				ASSETCATALOG_COMPILER_APPICON_NAME = AppIcon;
				ASSETCATALOG_COMPILER_GLOBAL_ACCENT_COLOR_NAME = AccentColor;
				CODE_SIGN_STYLE = Automatic;
				CURRENT_PROJECT_VERSION = 1;
				DEVELOPMENT_ASSET_PATHS = "\"Landmarks/Preview Content\"";
				ENABLE_PREVIEWS = YES;
				GENERATE_INFOPLIST_FILE = YES;
				INFOPLIST_KEY_UIApplicationSceneManifest_Generation = YES;
				INFOPLIST_KEY_UIApplicationSupportsIndirectInputEvents = YES;
				INFOPLIST_KEY_UILaunchScreen_Generation = YES;
				INFOPLIST_KEY_UISupportedInterfaceOrientations_iPad = "UIInterfaceOrientationPortrait UIInterfaceOrientationPortraitUpsideDown UIInterfaceOrientationLandscapeLeft UIInterfaceOrientationLandscapeRight";
				INFOPLIST_KEY_UISupportedInterfaceOrientations_iPhone = "UIInterfaceOrientationPortrait UIInterfaceOrientationLandscapeLeft UIInterfaceOrientationLandscapeRight";
				LD_RUNPATH_SEARCH_PATHS = (
					"$(inherited)",
					"@executable_path/Frameworks",
				);
				MARKETING_VERSION = 1.0;
				PRODUCT_BUNDLE_IDENTIFIER = com.example.bokutotu.Landmarks;
				PRODUCT_NAME = "$(TARGET_NAME)";
				SWIFT_EMIT_LOC_STRINGS = YES;
				SWIFT_VERSION = 5.0;
				TARGETED_DEVICE_FAMILY = "1,2";
			};
			name = Debug;
		};
		AB7A136E2A321FC600DFFA7B /* Release */ = {
			isa = XCBuildConfiguration;
			buildSettings = {
				ASSETCATALOG_COMPILER_APPICON_NAME = AppIcon;
				ASSETCATALOG_COMPILER_GLOBAL_ACCENT_COLOR_NAME = AccentColor;
				CODE_SIGN_STYLE = Automatic;
				CURRENT_PROJECT_VERSION = 1;
				DEVELOPMENT_ASSET_PATHS = "\"Landmarks/Preview Content\"";
				ENABLE_PREVIEWS = YES;
				GENERATE_INFOPLIST_FILE = YES;
				INFOPLIST_KEY_UIApplicationSceneManifest_Generation = YES;
				INFOPLIST_KEY_UIApplicationSupportsIndirectInputEvents = YES;
				INFOPLIST_KEY_UILaunchScreen_Generation = YES;
				INFOPLIST_KEY_UISupportedInterfaceOrientations_iPad = "UIInterfaceOrientationPortrait UIInterfaceOrientationPortraitUpsideDown UIInterfaceOrientationLandscapeLeft UIInterfaceOrientationLandscapeRight";
				INFOPLIST_KEY_UISupportedInterfaceOrientations_iPhone = "UIInterfaceOrientationPortrait UIInterfaceOrientationLandscapeLeft UIInterfaceOrientationLandscapeRight";
				LD_RUNPATH_SEARCH_PATHS = (
					"$(inherited)",
					"@executable_path/Frameworks",
				);
				MARKETING_VERSION = 1.0;
				PRODUCT_BUNDLE_IDENTIFIER = com.example.bokutotu.Landmarks;
				PRODUCT_NAME = "$(TARGET_NAME)";
				SWIFT_EMIT_LOC_STRINGS = YES;
				SWIFT_VERSION = 5.0;
				TARGETED_DEVICE_FAMILY = "1,2";
			};
			name = Release;
		};
		AB7A13702A321FC600DFFA7B /* Debug */ = {
			isa = XCBuildConfiguration;
			buildSettings = {
				ALWAYS_EMBED_SWIFT_STANDARD_LIBRARIES = YES;
				BUNDLE_LOADER = "$(TEST_HOST)";
				CODE_SIGN_STYLE = Automatic;
				CURRENT_PROJECT_VERSION = 1;
				GENERATE_INFOPLIST_FILE = YES;
				IPHONEOS_DEPLOYMENT_TARGET = 16.2;
				MARKETING_VERSION = 1.0;
				PRODUCT_BUNDLE_IDENTIFIER = com.example.bokutotu.LandmarksTests;
				PRODUCT_NAME = "$(TARGET_NAME)";
				SWIFT_EMIT_LOC_STRINGS = NO;
				SWIFT_VERSION = 5.0;
				TARGETED_DEVICE_FAMILY = "1,2";
				TEST_HOST = "$(BUILT_PRODUCTS_DIR)/Landmarks.app/$(BUNDLE_EXECUTABLE_FOLDER_PATH)/Landmarks";
			};
			name = Debug;
		};
		AB7A13712A321FC600DFFA7B /* Release */ = {
			isa = XCBuildConfiguration;
			buildSettings = {
				ALWAYS_EMBED_SWIFT_STANDARD_LIBRARIES = YES;
				BUNDLE_LOADER = "$(TEST_HOST)";
				CODE_SIGN_STYLE = Automatic;
				CURRENT_PROJECT_VERSION = 1;
				GENERATE_INFOPLIST_FILE = YES;
				IPHONEOS_DEPLOYMENT_TARGET = 16.2;
				MARKETING_VERSION = 1.0;
				PRODUCT_BUNDLE_IDENTIFIER = com.example.bokutotu.LandmarksTests;
				PRODUCT_NAME = "$(TARGET_NAME)";
				SWIFT_EMIT_LOC_STRINGS = NO;
				SWIFT_VERSION = 5.0;
				TARGETED_DEVICE_FAMILY = "1,2";
				TEST_HOST = "$(BUILT_PRODUCTS_DIR)/Landmarks.app/$(BUNDLE_EXECUTABLE_FOLDER_PATH)/Landmarks";
			};
			name = Release;
		};
		AB7A13732A321FC600DFFA7B /* Debug */ = {
			isa = XCBuildConfiguration;
			buildSettings = {
				ALWAYS_EMBED_SWIFT_STANDARD_LIBRARIES = YES;
				CODE_SIGN_STYLE = Automatic;
				CURRENT_PROJECT_VERSION = 1;
				GENERATE_INFOPLIST_FILE = YES;
				MARKETING_VERSION = 1.0;
				PRODUCT_BUNDLE_IDENTIFIER = com.example.bokutotu.LandmarksUITests;
				PRODUCT_NAME = "$(TARGET_NAME)";
				SWIFT_EMIT_LOC_STRINGS = NO;
				SWIFT_VERSION = 5.0;
				TARGETED_DEVICE_FAMILY = "1,2";
				TEST_TARGET_NAME = Landmarks;
			};
			name = Debug;
		};
		AB7A13742A321FC600DFFA7B /* Release */ = {
			isa = XCBuildConfiguration;
			buildSettings = {
				ALWAYS_EMBED_SWIFT_STANDARD_LIBRARIES = YES;
				CODE_SIGN_STYLE = Automatic;
				CURRENT_PROJECT_VERSION = 1;
				GENERATE_INFOPLIST_FILE = YES;
				MARKETING_VERSION = 1.0;
				PRODUCT_BUNDLE_IDENTIFIER = com.example.bokutotu.LandmarksUITests;
				PRODUCT_NAME = "$(TARGET_NAME)";
				SWIFT_EMIT_LOC_STRINGS = NO;
				SWIFT_VERSION = 5.0;
				TARGETED_DEVICE_FAMILY = "1,2";
				TEST_TARGET_NAME = Landmarks;
			};
			name = Release;
		};
/* End XCBuildConfiguration section */

/* Begin XCConfigurationList section */
		AB7A13432A321FC500DFFA7B /* Build configuration list for PBXProject "Landmarks" */ = {
			isa = XCConfigurationList;
			buildConfigurations = (
				AB7A136A2A321FC600DFFA7B /* Debug */,
				AB7A136B2A321FC600DFFA7B /* Release */,
			);
			defaultConfigurationIsVisible = 0;
			defaultConfigurationName = Release;
		};
		AB7A136C2A321FC600DFFA7B /* Build configuration list for PBXNativeTarget "Landmarks" */ = {
			isa = XCConfigurationList;
			buildConfigurations = (
				AB7A136D2A321FC600DFFA7B /* Debug */,
				AB7A136E2A321FC600DFFA7B /* Release */,
			);
			defaultConfigurationIsVisible = 0;
			defaultConfigurationName = Release;
		};
		AB7A136F2A321FC600DFFA7B /* Build configuration list for PBXNativeTarget "LandmarksTests" */ = {
			isa = XCConfigurationList;
			buildConfigurations = (
				AB7A13702A321FC600DFFA7B /* Debug */,
				AB7A13712A321FC600DFFA7B /* Release */,
			);
			defaultConfigurationIsVisible = 0;
			defaultConfigurationName = Release;
		};
		AB7A13722A321FC600DFFA7B /* Build configuration list for PBXNativeTarget "LandmarksUITests" */ = {
			isa = XCConfigurationList;
			buildConfigurations = (
				AB7A13732A321FC600DFFA7B /* Debug */,
				AB7A13742A321FC600DFFA7B /* Release */,
			);
			defaultConfigurationIsVisible = 0;
			defaultConfigurationName = Release;
		};
/* End XCConfigurationList section */
	};
	rootObject = AB7A13402A321FC500DFFA7B /* Project object */;
}
